{
  "name": "npm",
  "version": "1.0.0",
  "lockfileVersion": 3,
  "requires": true,
  "packages": {
    "": {
      "name": "npm",
      "version": "1.0.0",
      "license": "ISC",
      "dependencies": {
        "5": "^0.0.1"
      }
    },
    "node_modules/5": {
      "version": "0.0.1",
      "resolved": "https://registry.npmjs.org/5/-/5-0.0.1.tgz",
      "integrity": "sha512-MSAD9VKb1ac1HonDQmlHiew99tq9Boj/y3NsK1sqixk+C7JKS3i4DAnVUvYMhO6RpGMAo2QHoI3cxL1mlKH8qw=="
    }
  }
}
